// !$*UTF8*$!
{
	archiveVersion = 1;
	classes = {
	};
	objectVersion = 46;
	objects = {

/* Begin PBXBuildFile section */
		044CAF0C1C2BBB3F00248411 /* main.m in Sources */ = {isa = PBXBuildFile; fileRef = 044CAF0B1C2BBB3F00248411 /* main.m */; };
		044CAF0F1C2BBB3F00248411 /* AppDelegate.m in Sources */ = {isa = PBXBuildFile; fileRef = 044CAF0E1C2BBB3F00248411 /* AppDelegate.m */; };
		044CAF121C2BBB3F00248411 /* ViewController.m in Sources */ = {isa = PBXBuildFile; fileRef = 044CAF111C2BBB3F00248411 /* ViewController.m */; };
		044CAF151C2BBB3F00248411 /* Main.storyboard in Resources */ = {isa = PBXBuildFile; fileRef = 044CAF131C2BBB3F00248411 /* Main.storyboard */; };
		044CAF171C2BBB3F00248411 /* Images.xcassets in Resources */ = {isa = PBXBuildFile; fileRef = 044CAF161C2BBB3F00248411 /* Images.xcassets */; };
		044CAF1A1C2BBB3F00248411 /* LaunchScreen.xib in Resources */ = {isa = PBXBuildFile; fileRef = 044CAF181C2BBB3F00248411 /* LaunchScreen.xib */; };
		044CAF261C2BBB3F00248411 /* SvnCodeTests.m in Sources */ = {isa = PBXBuildFile; fileRef = 044CAF251C2BBB3F00248411 /* SvnCodeTests.m */; };
/* End PBXBuildFile section */

/* Begin PBXContainerItemProxy section */
		044CAF201C2BBB3F00248411 /* PBXContainerItemProxy */ = {
			isa = PBXContainerItemProxy;
			containerPortal = 044CAEFE1C2BBB3F00248411 /* Project object */;
			proxyType = 1;
			remoteGlobalIDString = 044CAF051C2BBB3F00248411;
			remoteInfo = SvnCode;
		};
/* End PBXContainerItemProxy section */

/* Begin PBXFileReference section */
		044CAF061C2BBB3F00248411 /* SvnCode.app */ = {isa = PBXFileReference; explicitFileType = wrapper.application; includeInIndex = 0; path = SvnCode.app; sourceTree = BUILT_PRODUCTS_DIR; };
		044CAF0A1C2BBB3F00248411 /* Info.plist */ = {isa = PBXFileReference; lastKnownFileType = text.plist.xml; path = Info.plist; sourceTree = "<group>"; };
		044CAF0B1C2BBB3F00248411 /* main.m */ = {isa = PBXFileReference; lastKnownFileType = sourcecode.c.objc; path = main.m; sourceTree = "<group>"; };
		044CAF0D1C2BBB3F00248411 /* AppDelegate.h */ = {isa = PBXFileReference; lastKnownFileType = sourcecode.c.h; path = AppDelegate.h; sourceTree = "<group>"; };
		044CAF0E1C2BBB3F00248411 /* AppDelegate.m */ = {isa = PBXFileReference; lastKnownFileType = sourcecode.c.objc; path = AppDelegate.m; sourceTree = "<group>"; };
		044CAF101C2BBB3F00248411 /* ViewController.h */ = {isa = PBXFileReference; lastKnownFileType = sourcecode.c.h; path = ViewController.h; sourceTree = "<group>"; };
		044CAF111C2BBB3F00248411 /* ViewController.m */ = {isa = PBXFileReference; lastKnownFileType = sourcecode.c.objc; path = ViewController.m; sourceTree = "<group>"; };
		044CAF141C2BBB3F00248411 /* Base */ = {isa = PBXFileReference; lastKnownFileType = file.storyboard; name = Base; path = Base.lproj/Main.storyboard; sourceTree = "<group>"; };
		044CAF161C2BBB3F00248411 /* Images.xcassets */ = {isa = PBXFileReference; lastKnownFileType = folder.assetcatalog; path = Images.xcassets; sourceTree = "<group>"; };
		044CAF191C2BBB3F00248411 /* Base */ = {isa = PBXFileReference; lastKnownFileType = file.xib; name = Base; path = Base.lproj/LaunchScreen.xib; sourceTree = "<group>"; };
		044CAF1F1C2BBB3F00248411 /* SvnCodeTests.xctest */ = {isa = PBXFileReference; explicitFileType = wrapper.cfbundle; includeInIndex = 0; path = SvnCodeTests.xctest; sourceTree = BUILT_PRODUCTS_DIR; };
		044CAF241C2BBB3F00248411 /* Info.plist */ = {isa = PBXFileReference; lastKnownFileType = text.plist.xml; path = Info.plist; sourceTree = "<group>"; };
		044CAF251C2BBB3F00248411 /* SvnCodeTests.m */ = {isa = PBXFileReference; lastKnownFileType = sourcecode.c.objc; path = SvnCodeTests.m; sourceTree = "<group>"; };
/* End PBXFileReference section */

/* Begin PBXFrameworksBuildPhase section */
		044CAF031C2BBB3F00248411 /* Frameworks */ = {
			isa = PBXFrameworksBuildPhase;
			buildActionMask = 2147483647;
			files = (
			);
			runOnlyForDeploymentPostprocessing = 0;
		};
		044CAF1C1C2BBB3F00248411 /* Frameworks */ = {
			isa = PBXFrameworksBuildPhase;
			buildActionMask = 2147483647;
			files = (
			);
			runOnlyForDeploymentPostprocessing = 0;
		};
/* End PBXFrameworksBuildPhase section */

/* Begin PBXGroup section */
		044CAEFD1C2BBB3F00248411 = {
			isa = PBXGroup;
			children = (
				044CAF081C2BBB3F00248411 /* SvnCode */,
				044CAF221C2BBB3F00248411 /* SvnCodeTests */,
				044CAF071C2BBB3F00248411 /* Products */,
			);
			sourceTree = "<group>";
		};
		044CAF071C2BBB3F00248411 /* Products */ = {
			isa = PBXGroup;
			children = (
				044CAF061C2BBB3F00248411 /* SvnCode.app */,
				044CAF1F1C2BBB3F00248411 /* SvnCodeTests.xctest */,
			);
			name = Products;
			sourceTree = "<group>";
		};
		044CAF081C2BBB3F00248411 /* SvnCode */ = {
			isa = PBXGroup;
			children = (
				044CAF0D1C2BBB3F00248411 /* AppDelegate.h */,
				044CAF0E1C2BBB3F00248411 /* AppDelegate.m */,
				044CAF101C2BBB3F00248411 /* ViewController.h */,
				044CAF111C2BBB3F00248411 /* ViewController.m */,
				044CAF131C2BBB3F00248411 /* Main.storyboard */,
				044CAF161C2BBB3F00248411 /* Images.xcassets */,
				044CAF181C2BBB3F00248411 /* LaunchScreen.xib */,
				044CAF091C2BBB3F00248411 /* Supporting Files */,
			);
			path = SvnCode;
			sourceTree = "<group>";
		};
		044CAF091C2BBB3F00248411 /* Supporting Files */ = {
			isa = PBXGroup;
			children = (
				044CAF0A1C2BBB3F00248411 /* Info.plist */,
				044CAF0B1C2BBB3F00248411 /* main.m */,
			);
			name = "Supporting Files";
			sourceTree = "<group>";
		};
		044CAF221C2BBB3F00248411 /* SvnCodeTests */ = {
			isa = PBXGroup;
			children = (
				044CAF251C2BBB3F00248411 /* SvnCodeTests.m */,
				044CAF231C2BBB3F00248411 /* Supporting Files */,
			);
			path = SvnCodeTests;
			sourceTree = "<group>";
		};
		044CAF231C2BBB3F00248411 /* Supporting Files */ = {
			isa = PBXGroup;
			children = (
				044CAF241C2BBB3F00248411 /* Info.plist */,
			);
			name = "Supporting Files";
			sourceTree = "<group>";
		};
/* End PBXGroup section */

/* Begin PBXNativeTarget section */
		044CAF051C2BBB3F00248411 /* SvnCode */ = {
			isa = PBXNativeTarget;
			buildConfigurationList = 044CAF291C2BBB3F00248411 /* Build configuration list for PBXNativeTarget "SvnCode" */;
			buildPhases = (
				044CAF021C2BBB3F00248411 /* Sources */,
				044CAF031C2BBB3F00248411 /* Frameworks */,
				044CAF041C2BBB3F00248411 /* Resources */,
			);
			buildRules = (
			);
			dependencies = (
			);
			name = SvnCode;
			productName = SvnCode;
			productReference = 044CAF061C2BBB3F00248411 /* SvnCode.app */;
			productType = "com.apple.product-type.application";
		};
		044CAF1E1C2BBB3F00248411 /* SvnCodeTests */ = {
			isa = PBXNativeTarget;
			buildConfigurationList = 044CAF2C1C2BBB3F00248411 /* Build configuration list for PBXNativeTarget "SvnCodeTests" */;
			buildPhases = (
				044CAF1B1C2BBB3F00248411 /* Sources */,
				044CAF1C1C2BBB3F00248411 /* Frameworks */,
				044CAF1D1C2BBB3F00248411 /* Resources */,
			);
			buildRules = (
			);
			dependencies = (
				044CAF211C2BBB3F00248411 /* PBXTargetDependency */,
			);
			name = SvnCodeTests;
			productName = SvnCodeTests;
			productReference = 044CAF1F1C2BBB3F00248411 /* SvnCodeTests.xctest */;
			productType = "com.apple.product-type.bundle.unit-test";
		};
/* End PBXNativeTarget section */

/* Begin PBXProject section */
		044CAEFE1C2BBB3F00248411 /* Project object */ = {
			isa = PBXProject;
			attributes = {
				LastUpgradeCheck = 0640;
				ORGANIZATIONNAME = fly;
				TargetAttributes = {
					044CAF051C2BBB3F00248411 = {
						CreatedOnToolsVersion = 6.4;
					};
					044CAF1E1C2BBB3F00248411 = {
						CreatedOnToolsVersion = 6.4;
						TestTargetID = 044CAF051C2BBB3F00248411;
					};
				};
			};
			buildConfigurationList = 044CAF011C2BBB3F00248411 /* Build configuration list for PBXProject "SvnCode" */;
			compatibilityVersion = "Xcode 3.2";
			developmentRegion = English;
			hasScannedForEncodings = 0;
			knownRegions = (
				en,
				Base,
			);
			mainGroup = 044CAEFD1C2BBB3F00248411;
			productRefGroup = 044CAF071C2BBB3F00248411 /* Products */;
			projectDirPath = "";
			projectRoot = "";
			targets = (
				044CAF051C2BBB3F00248411 /* SvnCode */,
				044CAF1E1C2BBB3F00248411 /* SvnCodeTests */,
			);
		};
/* End PBXProject section */

/* Begin PBXResourcesBuildPhase section */
		044CAF041C2BBB3F00248411 /* Resources */ = {
			isa = PBXResourcesBuildPhase;
			buildActionMask = 2147483647;
			files = (
				044CAF151C2BBB3F00248411 /* Main.storyboard in Resources */,
				044CAF1A1C2BBB3F00248411 /* LaunchScreen.xib in Resources */,
				044CAF171C2BBB3F00248411 /* Images.xcassets in Resources */,
			);
			runOnlyForDeploymentPostprocessing = 0;
		};
		044CAF1D1C2BBB3F00248411 /* Resources */ = {
			isa = PBXResourcesBuildPhase;
			buildActionMask = 2147483647;
			files = (
			);
			runOnlyForDeploymentPostprocessing = 0;
		};
/* End PBXResourcesBuildPhase section */

/* Begin PBXSourcesBuildPhase section */
		044CAF021C2BBB3F00248411 /* Sources */ = {
			isa = PBXSourcesBuildPhase;
			buildActionMask = 2147483647;
			files = (
				044CAF121C2BBB3F00248411 /* ViewController.m in Sources */,
				044CAF0F1C2BBB3F00248411 /* AppDelegate.m in Sources */,
				044CAF0C1C2BBB3F00248411 /* main.m in Sources */,
			);
			runOnlyForDeploymentPostprocessing = 0;
		};
		044CAF1B1C2BBB3F00248411 /* Sources */ = {
			isa = PBXSourcesBuildPhase;
			buildActionMask = 2147483647;
			files = (
				044CAF261C2BBB3F00248411 /* SvnCodeTests.m in Sources */,
			);
			runOnlyForDeploymentPostprocessing = 0;
		};
/* End PBXSourcesBuildPhase section */

/* Begin PBXTargetDependency section */
		044CAF211C2BBB3F00248411 /* PBXTargetDependency */ = {
			isa = PBXTargetDependency;
			target = 044CAF051C2BBB3F00248411 /* SvnCode */;
			targetProxy = 044CAF201C2BBB3F00248411 /* PBXContainerItemProxy */;
		};
/* End PBXTargetDependency section */

/* Begin PBXVariantGroup section */
		044CAF131C2BBB3F00248411 /* Main.storyboard */ = {
			isa = PBXVariantGroup;
			children = (
				044CAF141C2BBB3F00248411 /* Base */,
			);
			name = Main.storyboard;
			sourceTree = "<group>";
		};
		044CAF181C2BBB3F00248411 /* LaunchScreen.xib */ = {
			isa = PBXVariantGroup;
			children = (
				044CAF191C2BBB3F00248411 /* Base */,
			);
			name = LaunchScreen.xib;
			sourceTree = "<group>";
		};
/* End PBXVariantGroup section */

/* Begin XCBuildConfiguration section */
		044CAF271C2BBB3F00248411 /* Debug */ = {
			isa = XCBuildConfiguration;
			buildSettings = {
				ALWAYS_SEARCH_USER_PATHS = NO;
				CLANG_CXX_LANGUAGE_STANDARD = "gnu++0x";
				CLANG_CXX_LIBRARY = "libc++";
				CLANG_ENABLE_MODULES = YES;
				CLANG_ENABLE_OBJC_ARC = YES;
				CLANG_WARN_BOOL_CONVERSION = YES;
				CLANG_WARN_CONSTANT_CONVERSION = YES;
				CLANG_WARN_DIRECT_OBJC_ISA_USAGE = YES_ERROR;
				CLANG_WARN_EMPTY_BODY = YES;
				CLANG_WARN_ENUM_CONVERSION = YES;
				CLANG_WARN_INT_CONVERSION = YES;
				CLANG_WARN_OBJC_ROOT_CLASS = YES_ERROR;
				CLANG_WARN_UNREACHABLE_CODE = YES;
				CLANG_WARN__DUPLICATE_METHOD_MATCH = YES;
				"CODE_SIGN_IDENTITY[sdk=iphoneos*]" = "iPhone Developer";
				COPY_PHASE_STRIP = NO;
				DEBUG_INFORMATION_FORMAT = "dwarf-with-dsym";
				ENABLE_STRICT_OBJC_MSGSEND = YES;
				GCC_C_LANGUAGE_STANDARD = gnu99;
				GCC_DYNAMIC_NO_PIC = NO;
				GCC_NO_COMMON_BLOCKS = YES;
				GCC_OPTIMIZATION_LEVEL = 0;
				GCC_PREPROCESSOR_DEFINITIONS = (
					"DEBUG=1",
					"$(inherited)",
				);
				GCC_SYMBOLS_PRIVATE_EXTERN = NO;
				GCC_WARN_64_TO_32_BIT_CONVERSION = YES;
				GCC_WARN_ABOUT_RETURN_TYPE = YES_ERROR;
				GCC_WARN_UNDECLARED_SELECTOR = YES;
				GCC_WARN_UNINITIALIZED_AUTOS = YES_AGGRESSIVE;
				GCC_WARN_UNUSED_FUNCTION = YES;
				GCC_WARN_UNUSED_VARIABLE = YES;
				IPHONEOS_DEPLOYMENT_TARGET = 8.4;
				MTL_ENABLE_DEBUG_INFO = YES;
				ONLY_ACTIVE_ARCH = YES;
				SDKROOT = iphoneos;
			};
			name = Debug;
		};
		044CAF281C2BBB3F00248411 /* Release */ = {
			isa = XCBuildConfiguration;
			buildSettings = {
				ALWAYS_SEARCH_USER_PATHS = NO;
				CLANG_CXX_LANGUAGE_STANDARD = "gnu++0x";
				CLANG_CXX_LIBRARY = "libc++";
				CLANG_ENABLE_MODULES = YES;
				CLANG_ENABLE_OBJC_ARC = YES;
				CLANG_WARN_BOOL_CONVERSION = YES;
				CLANG_WARN_CONSTANT_CONVERSION = YES;
				CLANG_WARN_DIRECT_OBJC_ISA_USAGE = YES_ERROR;
				CLANG_WARN_EMPTY_BODY = YES;
				CLANG_WARN_ENUM_CONVERSION = YES;
				CLANG_WARN_INT_CONVERSION = YES;
				CLANG_WARN_OBJC_ROOT_CLASS = YES_ERROR;
				CLANG_WARN_UNREACHABLE_CODE = YES;
				CLANG_WARN__DUPLICATE_METHOD_MATCH = YES;
				"CODE_SIGN_IDENTITY[sdk=iphoneos*]" = "iPhone Developer";
				COPY_PHASE_STRIP = NO;
				DEBUG_INFORMATION_FORMAT = "dwarf-with-dsym";
				ENABLE_NS_ASSERTIONS = NO;
				ENABLE_STRICT_OBJC_MSGSEND = YES;
				GCC_C_LANGUAGE_STANDARD = gnu99;
				GCC_NO_COMMON_BLOCKS = YES;
				GCC_WARN_64_TO_32_BIT_CONVERSION = YES;
				GCC_WARN_ABOUT_RETURN_TYPE = YES_ERROR;
				GCC_WARN_UNDECLARED_SELECTOR = YES;
				GCC_WARN_UNINITIALIZED_AUTOS = YES_AGGRESSIVE;
				GCC_WARN_UNUSED_FUNCTION = YES;
				GCC_WARN_UNUSED_VARIABLE = YES;
				IPHONEOS_DEPLOYMENT_TARGET = 8.4;
				MTL_ENABLE_DEBUG_INFO = NO;
				SDKROOT = iphoneos;
				VALIDATE_PRODUCT = YES;
			};
			name = Release;
		};
		044CAF2A1C2BBB3F00248411 /* Debug */ = {
			isa = XCBuildConfiguration;
			buildSettings = {
				ASSETCATALOG_COMPILER_APPICON_NAME = AppIcon;
				INFOPLIST_FILE = SvnCode/Info.plist;
				LD_RUNPATH_SEARCH_PATHS = "$(inherited) @executable_path/Frameworks";
				PRODUCT_NAME = "$(TARGET_NAME)";
			};
			name = Debug;
		};
		044CAF2B1C2BBB3F00248411 /* Release */ = {
			isa = XCBuildConfiguration;
			buildSettings = {
				ASSETCATALOG_COMPILER_APPICON_NAME = AppIcon;
				INFOPLIST_FILE = SvnCode/Info.plist;
				LD_RUNPATH_SEARCH_PATHS = "$(inherited) @executable_path/Frameworks";
				PRODUCT_NAME = "$(TARGET_NAME)";
			};
			name = Release;
		};
		044CAF2D1C2BBB3F00248411 /* Debug */ = {
			isa = XCBuildConfiguration;
			buildSettings = {
				BUNDLE_LOADER = "$(TEST_HOST)";
				FRAMEWORK_SEARCH_PATHS = (
					"$(SDKROOT)/Developer/Library/Frameworks",
					"$(inherited)",
				);
				GCC_PREPROCESSOR_DEFINITIONS = (
					"DEBUG=1",
					"$(inherited)",
				);
				INFOPLIST_FILE = SvnCodeTests/Info.plist;
				LD_RUNPATH_SEARCH_PATHS = "$(inherited) @executable_path/Frameworks @loader_path/Frameworks";
				PRODUCT_NAME = "$(TARGET_NAME)";
				TEST_HOST = "$(BUILT_PRODUCTS_DIR)/SvnCode.app/SvnCode";
			};
			name = Debug;
		};
		044CAF2E1C2BBB3F00248411 /* Release */ = {
			isa = XCBuildConfiguration;
			buildSettings = {
				BUNDLE_LOADER = "$(TEST_HOST)";
				FRAMEWORK_SEARCH_PATHS = (
					"$(SDKROOT)/Developer/Library/Frameworks",
					"$(inherited)",
				);
				INFOPLIST_FILE = SvnCodeTests/Info.plist;
				LD_RUNPATH_SEARCH_PATHS = "$(inherited) @executable_path/Frameworks @loader_path/Frameworks";
				PRODUCT_NAME = "$(TARGET_NAME)";
				TEST_HOST = "$(BUILT_PRODUCTS_DIR)/SvnCode.app/SvnCode";
			};
			name = Release;
		};
/* End XCBuildConfiguration section */

/* Begin XCConfigurationList section */
		044CAF011C2BBB3F00248411 /* Build configuration list for PBXProject "SvnCode" */ = {
			isa = XCConfigurationList;
			buildConfigurations = (
				044CAF271C2BBB3F00248411 /* Debug */,
				044CAF281C2BBB3F00248411 /* Release */,
			);
			defaultConfigurationIsVisible = 0;
			defaultConfigurationName = Release;
		};
		044CAF291C2BBB3F00248411 /* Build configuration list for PBXNativeTarget "SvnCode" */ = {
			isa = XCConfigurationList;
			buildConfigurations = (
				044CAF2A1C2BBB3F00248411 /* Debug */,
				044CAF2B1C2BBB3F00248411 /* Release */,
			);
			defaultConfigurationIsVisible = 0;
		};
		044CAF2C1C2BBB3F00248411 /* Build configuration list for PBXNativeTarget "SvnCodeTests" */ = {
			isa = XCConfigurationList;
			buildConfigurations = (
				044CAF2D1C2BBB3F00248411 /* Debug */,
				044CAF2E1C2BBB3F00248411 /* Release */,
			);
			defaultConfigurationIsVisible = 0;
		};
/* End XCConfigurationList section */
	};
	rootObject = 044CAEFE1C2BBB3F00248411 /* Project object */;
}
